
Microsoft Visual Studio Solution File, Format Version 12.00
# Visual Studio Version 17
VisualStudioVersion = 17.0.31903.59
MinimumVisualStudioVersion = 10.0.40219.1
Project("{FAE04EC0-301F-11D3-BF4B-00C04F79EFBC}") = "FishNet.Runtime", "FishNet.Runtime\FishNet.Runtime.csproj", "{9EE6F481-DDE3-4078-9A3F-8435EA04890F}"
EndProject
Project("{FAE04EC0-301F-11D3-BF4B-00C04F79EFBC}") = "FishNet.CodeGenerating", "FishNet.CodeGenerating\FishNet.CodeGenerating.csproj", "{740694A6-3379-4B33-82D1-8C51D0787222}"
EndProject
Project("{FAE04EC0-301F-11D3-BF4B-00C04F79EFBC}") = "GameKit.Dependencies", "GameKit.Dependencies\GameKit.Dependencies.csproj", "{8C1776DC-30AD-43AF-B132-0BAEBF809E01}"
EndProject
Project("{FAE04EC0-301F-11D3-BF4B-00C04F79EFBC}") = "Unity.CompilationPipeline.Common", "Unity.CompilationPipeline.Common\Unity.CompilationPipeline.Common.csproj", "{52A7904B-536F-476F-8A47-6B20C24B25B4}"
EndProject
Project("{FAE04EC0-301F-11D3-BF4B-00C04F79EFBC}") = "FishNet.CodeGenerator", "FishNet.CodeGenerator\FishNet.CodeGenerator.csproj", "{051FA788-93C7-4373-919E-60D7FEACC77C}"
EndProject
Project("{FAE04EC0-301F-11D3-BF4B-00C04F79EFBC}") = "FishNet.CodeGenerator.Cli", "FishNet.CodeGenerator.Cli\FishNet.CodeGenerator.Cli.csproj", "{D2A00670-BE84-495A-A639-85C322130252}"
EndProject
Project("{FAE04EC0-301F-11D3-BF4B-00C04F79EFBC}") = "TestAssembly", "TestAssembly\TestAssembly.csproj", "{82AD4DA8-9B53-4209-B8EF-ADBE6352758C}"
EndProject
Global
	GlobalSection(SolutionConfigurationPlatforms) = preSolution
		Debug|Any CPU = Debug|Any CPU
		Release|Any CPU = Release|Any CPU
	EndGlobalSection
	GlobalSection(SolutionProperties) = preSolution
		HideSolutionNode = FALSE
	EndGlobalSection
	GlobalSection(ProjectConfigurationPlatforms) = postSolution
		{9EE6F481-DDE3-4078-9A3F-8435EA04890F}.Debug|Any CPU.ActiveCfg = Debug|Any CPU
		{9EE6F481-DDE3-4078-9A3F-8435EA04890F}.Debug|Any CPU.Build.0 = Debug|Any CPU
		{9EE6F481-DDE3-4078-9A3F-8435EA04890F}.Release|Any CPU.ActiveCfg = Release|Any CPU
		{9EE6F481-DDE3-4078-9A3F-8435EA04890F}.Release|Any CPU.Build.0 = Release|Any CPU
		{740694A6-3379-4B33-82D1-8C51D0787222}.Debug|Any CPU.ActiveCfg = Debug|Any CPU
		{740694A6-3379-4B33-82D1-8C51D0787222}.Debug|Any CPU.Build.0 = Debug|Any CPU
		{740694A6-3379-4B33-82D1-8C51D0787222}.Release|Any CPU.ActiveCfg = Release|Any CPU
		{740694A6-3379-4B33-82D1-8C51D0787222}.Release|Any CPU.Build.0 = Release|Any CPU
		{8C1776DC-30AD-43AF-B132-0BAEBF809E01}.Debug|Any CPU.ActiveCfg = Debug|Any CPU
		{8C1776DC-30AD-43AF-B132-0BAEBF809E01}.Debug|Any CPU.Build.0 = Debug|Any CPU
		{8C1776DC-30AD-43AF-B132-0BAEBF809E01}.Release|Any CPU.ActiveCfg = Release|Any CPU
		{8C1776DC-30AD-43AF-B132-0BAEBF809E01}.Release|Any CPU.Build.0 = Release|Any CPU
		{52A7904B-536F-476F-8A47-6B20C24B25B4}.Debug|Any CPU.ActiveCfg = Debug|Any CPU
		{52A7904B-536F-476F-8A47-6B20C24B25B4}.Debug|Any CPU.Build.0 = Debug|Any CPU
		{52A7904B-536F-476F-8A47-6B20C24B25B4}.Release|Any CPU.ActiveCfg = Release|Any CPU
		{52A7904B-536F-476F-8A47-6B20C24B25B4}.Release|Any CPU.Build.0 = Release|Any CPU
		{051FA788-93C7-4373-919E-60D7FEACC77C}.Debug|Any CPU.ActiveCfg = Debug|Any CPU
		{051FA788-93C7-4373-919E-60D7FEACC77C}.Debug|Any CPU.Build.0 = Debug|Any CPU
		{051FA788-93C7-4373-919E-60D7FEACC77C}.Release|Any CPU.ActiveCfg = Release|Any CPU
		{051FA788-93C7-4373-919E-60D7FEACC77C}.Release|Any CPU.Build.0 = Release|Any CPU
		{D2A00670-BE84-495A-A639-85C322130252}.Debug|Any CPU.ActiveCfg = Debug|Any CPU
		{D2A00670-BE84-495A-A639-85C322130252}.Debug|Any CPU.Build.0 = Debug|Any CPU
		{D2A00670-BE84-495A-A639-85C322130252}.Release|Any CPU.ActiveCfg = Release|Any CPU
		{D2A00670-BE84-495A-A639-85C322130252}.Release|Any CPU.Build.0 = Release|Any CPU
		{82AD4DA8-9B53-4209-B8EF-ADBE6352758C}.Debug|Any CPU.ActiveCfg = Debug|Any CPU
		{82AD4DA8-9B53-4209-B8EF-ADBE6352758C}.Debug|Any CPU.Build.0 = Debug|Any CPU
		{82AD4DA8-9B53-4209-B8EF-ADBE6352758C}.Release|Any CPU.ActiveCfg = Release|Any CPU
		{82AD4DA8-9B53-4209-B8EF-ADBE6352758C}.Release|Any CPU.Build.0 = Release|Any CPU
	EndGlobalSection
EndGlobal
